// !$*UTF8*$!
{
	archiveVersion = 1;
	classes = {
	};
	objectVersion = 46;
	objects = {

/* Begin PBXBuildFile section */
		5A15DE671DF65874009CA1C8 /* Settings.swift in Sources */ = {isa = PBXBuildFile; fileRef = 5A15DE661DF65874009CA1C8 /* Settings.swift */; };
		5A15DE691DF658CA009CA1C8 /* Keys.swift in Sources */ = {isa = PBXBuildFile; fileRef = 5A15DE681DF658CA009CA1C8 /* Keys.swift */; };
		5A15DE6B1DF6B151009CA1C8 /* TourInfoViewController.swift in Sources */ = {isa = PBXBuildFile; fileRef = 5A15DE6A1DF6B151009CA1C8 /* TourInfoViewController.swift */; };
		5A15DE6D1DF71C65009CA1C8 /* Tour.swift in Sources */ = {isa = PBXBuildFile; fileRef = 5A15DE6C1DF71C65009CA1C8 /* Tour.swift */; };
		5A15DE6F1DF72104009CA1C8 /* Schedule.swift in Sources */ = {isa = PBXBuildFile; fileRef = 5A15DE6E1DF72104009CA1C8 /* Schedule.swift */; };
		5A15DE711DF72153009CA1C8 /* ScheduleDay.swift in Sources */ = {isa = PBXBuildFile; fileRef = 5A15DE701DF72153009CA1C8 /* ScheduleDay.swift */; };
		5A19754D1DF7BC8A00D39E33 /* TourInfoCell.xib in Resources */ = {isa = PBXBuildFile; fileRef = 5A19754C1DF7BC8A00D39E33 /* TourInfoCell.xib */; };
		5A19754F1DF7C12400D39E33 /* TourInfoCell.swift in Sources */ = {isa = PBXBuildFile; fileRef = 5A19754E1DF7C12400D39E33 /* TourInfoCell.swift */; };
		5A1975541DF7C2CC00D39E33 /* OpenSans-Bold.ttf in Resources */ = {isa = PBXBuildFile; fileRef = 5A1975511DF7C2CC00D39E33 /* OpenSans-Bold.ttf */; };
		5A1975551DF7C2CC00D39E33 /* OpenSans-Light.ttf in Resources */ = {isa = PBXBuildFile; fileRef = 5A1975521DF7C2CC00D39E33 /* OpenSans-Light.ttf */; };
		5A1975561DF7C2CC00D39E33 /* OpenSans-Regular.ttf in Resources */ = {isa = PBXBuildFile; fileRef = 5A1975531DF7C2CC00D39E33 /* OpenSans-Regular.ttf */; };
		5A1975581DF8097400D39E33 /* ScheduleCell.xib in Resources */ = {isa = PBXBuildFile; fileRef = 5A1975571DF8097400D39E33 /* ScheduleCell.xib */; };
		5A19755E1DF8160500D39E33 /* ScheduleCell.swift in Sources */ = {isa = PBXBuildFile; fileRef = 5A19755D1DF8160500D39E33 /* ScheduleCell.swift */; };
		5A4013971DFBB610001AD82D /* ViewRoundCorner.swift in Sources */ = {isa = PBXBuildFile; fileRef = 5A4013961DFBB610001AD82D /* ViewRoundCorner.swift */; };
		5A4295D11DF902A600561463 /* Place.swift in Sources */ = {isa = PBXBuildFile; fileRef = 5A4295D01DF902A600561463 /* Place.swift */; };
		5A6CFCE61E0043EF001921C3 /* MapViewController.swift in Sources */ = {isa = PBXBuildFile; fileRef = 5A6CFCE51E0043EF001921C3 /* MapViewController.swift */; };
		5A7316371E03E99800586D59 /* WarningPopup.xib in Resources */ = {isa = PBXBuildFile; fileRef = 5A7316361E03E99800586D59 /* WarningPopup.xib */; };
		5A7316391E03E9B200586D59 /* WarningPopup.swift in Sources */ = {isa = PBXBuildFile; fileRef = 5A7316381E03E9B200586D59 /* WarningPopup.swift */; };
		5A7CD5361E10CD0300DA0E49 /* WarningViewController.swift in Sources */ = {isa = PBXBuildFile; fileRef = 5A7CD5351E10CD0300DA0E49 /* WarningViewController.swift */; };
		5A7CD5381E10CD3200DA0E49 /* WarningCell.swift in Sources */ = {isa = PBXBuildFile; fileRef = 5A7CD5371E10CD3200DA0E49 /* WarningCell.swift */; };
		5A8216C71E0547A3003BA0C2 /* InformPopup.xib in Resources */ = {isa = PBXBuildFile; fileRef = 5A8216C61E0547A3003BA0C2 /* InformPopup.xib */; };
		5A8216C91E054880003BA0C2 /* InformPopup.swift in Sources */ = {isa = PBXBuildFile; fileRef = 5A8216C81E054880003BA0C2 /* InformPopup.swift */; };
		5A9E62C71E0ADA9A000C5876 /* Warning.swift in Sources */ = {isa = PBXBuildFile; fileRef = 5A9E62C61E0ADA9A000C5876 /* Warning.swift */; };
		5AB0B0FC1E02A77B00DA5EE7 /* CustomTabBarController.swift in Sources */ = {isa = PBXBuildFile; fileRef = 5AB0B0FB1E02A77B00DA5EE7 /* CustomTabBarController.swift */; };
		5AD4E1EE1DF505500030C3B8 /* AppDelegate.swift in Sources */ = {isa = PBXBuildFile; fileRef = 5AD4E1ED1DF505500030C3B8 /* AppDelegate.swift */; };
		5AD4E1F31DF505500030C3B8 /* Main.storyboard in Resources */ = {isa = PBXBuildFile; fileRef = 5AD4E1F11DF505500030C3B8 /* Main.storyboard */; };
		5AD4E1F51DF505500030C3B8 /* Assets.xcassets in Resources */ = {isa = PBXBuildFile; fileRef = 5AD4E1F41DF505500030C3B8 /* Assets.xcassets */; };
		5AD4E1F81DF505500030C3B8 /* LaunchScreen.storyboard in Resources */ = {isa = PBXBuildFile; fileRef = 5AD4E1F61DF505500030C3B8 /* LaunchScreen.storyboard */; };
		5AD4E2061DF567CE0030C3B8 /* Tourist.swift in Sources */ = {isa = PBXBuildFile; fileRef = 5AD4E2051DF567CE0030C3B8 /* Tourist.swift */; };
		5AD4E2081DF5684B0030C3B8 /* Location.swift in Sources */ = {isa = PBXBuildFile; fileRef = 5AD4E2071DF5684B0030C3B8 /* Location.swift */; };
		5AD4E2101DF5BE7C0030C3B8 /* ResponseData.swift in Sources */ = {isa = PBXBuildFile; fileRef = 5AD4E20F1DF5BE7C0030C3B8 /* ResponseData.swift */; };
		5AD4E2121DF5BECC0030C3B8 /* LoginViewController.swift in Sources */ = {isa = PBXBuildFile; fileRef = 5AD4E2111DF5BECC0030C3B8 /* LoginViewController.swift */; };
		5AD4E2141DF5BEDA0030C3B8 /* Alert.swift in Sources */ = {isa = PBXBuildFile; fileRef = 5AD4E2131DF5BEDA0030C3B8 /* Alert.swift */; };
		5AD4E2161DF5BEE50030C3B8 /* NetworkClient.swift in Sources */ = {isa = PBXBuildFile; fileRef = 5AD4E2151DF5BEE50030C3B8 /* NetworkClient.swift */; };
		5AD4E2181DF5C18A0030C3B8 /* Constants.swift in Sources */ = {isa = PBXBuildFile; fileRef = 5AD4E2171DF5C18A0030C3B8 /* Constants.swift */; };
		5AD4E21A1DF5CC120030C3B8 /* Singleton.swift in Sources */ = {isa = PBXBuildFile; fileRef = 5AD4E2191DF5CC120030C3B8 /* Singleton.swift */; };
		5AE286011E116D190078EDE3 /* WarningDetailViewController.swift in Sources */ = {isa = PBXBuildFile; fileRef = 5AE286001E116D190078EDE3 /* WarningDetailViewController.swift */; };
		A0F612AEE233D07268B13AFA /* Pods_TouristTracking.framework in Frameworks */ = {isa = PBXBuildFile; fileRef = 2335815EBE1D5FCB28E05457 /* Pods_TouristTracking.framework */; };
/* End PBXBuildFile section */

/* Begin PBXFileReference section */
		2335815EBE1D5FCB28E05457 /* Pods_TouristTracking.framework */ = {isa = PBXFileReference; explicitFileType = wrapper.framework; includeInIndex = 0; path = Pods_TouristTracking.framework; sourceTree = BUILT_PRODUCTS_DIR; };
		46B76E3CBEC87A3CD75189F4 /* Pods-TouristTracking.debug.xcconfig */ = {isa = PBXFileReference; includeInIndex = 1; lastKnownFileType = text.xcconfig; name = "Pods-TouristTracking.debug.xcconfig"; path = "Pods/Target Support Files/Pods-TouristTracking/Pods-TouristTracking.debug.xcconfig"; sourceTree = "<group>"; };
		5A15DE661DF65874009CA1C8 /* Settings.swift */ = {isa = PBXFileReference; fileEncoding = 4; lastKnownFileType = sourcecode.swift; name = Settings.swift; path = TouristTracking/Helpers/Settings.swift; sourceTree = "<group>"; };
		5A15DE681DF658CA009CA1C8 /* Keys.swift */ = {isa = PBXFileReference; fileEncoding = 4; lastKnownFileType = sourcecode.swift; name = Keys.swift; path = TouristTracking/Helpers/Keys.swift; sourceTree = "<group>"; };
		5A15DE6A1DF6B151009CA1C8 /* TourInfoViewController.swift */ = {isa = PBXFileReference; fileEncoding = 4; lastKnownFileType = sourcecode.swift; name = TourInfoViewController.swift; path = TouristTracking/ViewControllers/TourInfoViewController.swift; sourceTree = "<group>"; };
		5A15DE6C1DF71C65009CA1C8 /* Tour.swift */ = {isa = PBXFileReference; fileEncoding = 4; lastKnownFileType = sourcecode.swift; name = Tour.swift; path = TouristTracking/Models/Tour.swift; sourceTree = "<group>"; };
		5A15DE6E1DF72104009CA1C8 /* Schedule.swift */ = {isa = PBXFileReference; fileEncoding = 4; lastKnownFileType = sourcecode.swift; name = Schedule.swift; path = TouristTracking/Models/Schedule.swift; sourceTree = "<group>"; };
		5A15DE701DF72153009CA1C8 /* ScheduleDay.swift */ = {isa = PBXFileReference; fileEncoding = 4; lastKnownFileType = sourcecode.swift; name = ScheduleDay.swift; path = TouristTracking/Models/ScheduleDay.swift; sourceTree = "<group>"; };
		5A19754C1DF7BC8A00D39E33 /* TourInfoCell.xib */ = {isa = PBXFileReference; fileEncoding = 4; lastKnownFileType = file.xib; name = TourInfoCell.xib; path = TouristTracking/Views/TourInfoCell.xib; sourceTree = "<group>"; };
		5A19754E1DF7C12400D39E33 /* TourInfoCell.swift */ = {isa = PBXFileReference; fileEncoding = 4; lastKnownFileType = sourcecode.swift; name = TourInfoCell.swift; path = TouristTracking/Views/TourInfoCell.swift; sourceTree = "<group>"; };
		5A1975511DF7C2CC00D39E33 /* OpenSans-Bold.ttf */ = {isa = PBXFileReference; lastKnownFileType = file; path = "OpenSans-Bold.ttf"; sourceTree = "<group>"; };
		5A1975521DF7C2CC00D39E33 /* OpenSans-Light.ttf */ = {isa = PBXFileReference; lastKnownFileType = file; path = "OpenSans-Light.ttf"; sourceTree = "<group>"; };
		5A1975531DF7C2CC00D39E33 /* OpenSans-Regular.ttf */ = {isa = PBXFileReference; lastKnownFileType = file; path = "OpenSans-Regular.ttf"; sourceTree = "<group>"; };
		5A1975571DF8097400D39E33 /* ScheduleCell.xib */ = {isa = PBXFileReference; fileEncoding = 4; lastKnownFileType = file.xib; name = ScheduleCell.xib; path = TouristTracking/Views/ScheduleCell.xib; sourceTree = "<group>"; };
		5A19755D1DF8160500D39E33 /* ScheduleCell.swift */ = {isa = PBXFileReference; fileEncoding = 4; lastKnownFileType = sourcecode.swift; name = ScheduleCell.swift; path = TouristTracking/Views/ScheduleCell.swift; sourceTree = "<group>"; };
		5A4013961DFBB610001AD82D /* ViewRoundCorner.swift */ = {isa = PBXFileReference; fileEncoding = 4; lastKnownFileType = sourcecode.swift; name = ViewRoundCorner.swift; path = Controls/ViewRoundCorner.swift; sourceTree = "<group>"; };
		5A4295D01DF902A600561463 /* Place.swift */ = {isa = PBXFileReference; fileEncoding = 4; lastKnownFileType = sourcecode.swift; name = Place.swift; path = TouristTracking/Models/Place.swift; sourceTree = "<group>"; };
		5A6CFCE51E0043EF001921C3 /* MapViewController.swift */ = {isa = PBXFileReference; fileEncoding = 4; lastKnownFileType = sourcecode.swift; name = MapViewController.swift; path = TouristTracking/ViewControllers/MapViewController.swift; sourceTree = "<group>"; };
		5A7316361E03E99800586D59 /* WarningPopup.xib */ = {isa = PBXFileReference; fileEncoding = 4; lastKnownFileType = file.xib; name = WarningPopup.xib; path = TouristTracking/Views/WarningPopup.xib; sourceTree = "<group>"; };
		5A7316381E03E9B200586D59 /* WarningPopup.swift */ = {isa = PBXFileReference; fileEncoding = 4; lastKnownFileType = sourcecode.swift; name = WarningPopup.swift; path = TouristTracking/Views/WarningPopup.swift; sourceTree = "<group>"; };
		5A7CD5351E10CD0300DA0E49 /* WarningViewController.swift */ = {isa = PBXFileReference; fileEncoding = 4; lastKnownFileType = sourcecode.swift; name = WarningViewController.swift; path = TouristTracking/ViewControllers/WarningViewController.swift; sourceTree = "<group>"; };
		5A7CD5371E10CD3200DA0E49 /* WarningCell.swift */ = {isa = PBXFileReference; fileEncoding = 4; lastKnownFileType = sourcecode.swift; name = WarningCell.swift; path = TouristTracking/Views/WarningCell.swift; sourceTree = "<group>"; };
		5A8216C61E0547A3003BA0C2 /* InformPopup.xib */ = {isa = PBXFileReference; fileEncoding = 4; lastKnownFileType = file.xib; name = InformPopup.xib; path = TouristTracking/Views/InformPopup.xib; sourceTree = "<group>"; };
		5A8216C81E054880003BA0C2 /* InformPopup.swift */ = {isa = PBXFileReference; fileEncoding = 4; lastKnownFileType = sourcecode.swift; name = InformPopup.swift; path = TouristTracking/Views/InformPopup.swift; sourceTree = "<group>"; };
		5A9E62C61E0ADA9A000C5876 /* Warning.swift */ = {isa = PBXFileReference; fileEncoding = 4; lastKnownFileType = sourcecode.swift; name = Warning.swift; path = TouristTracking/Models/Warning.swift; sourceTree = "<group>"; };
		5AB0B0FB1E02A77B00DA5EE7 /* CustomTabBarController.swift */ = {isa = PBXFileReference; fileEncoding = 4; lastKnownFileType = sourcecode.swift; name = CustomTabBarController.swift; path = TouristTracking/ViewControllers/CustomTabBarController.swift; sourceTree = "<group>"; };
		5AD4E1EA1DF505500030C3B8 /* TouristTracking.app */ = {isa = PBXFileReference; explicitFileType = wrapper.application; includeInIndex = 0; path = TouristTracking.app; sourceTree = BUILT_PRODUCTS_DIR; };
		5AD4E1ED1DF505500030C3B8 /* AppDelegate.swift */ = {isa = PBXFileReference; lastKnownFileType = sourcecode.swift; path = AppDelegate.swift; sourceTree = "<group>"; };
		5AD4E1F21DF505500030C3B8 /* Base */ = {isa = PBXFileReference; lastKnownFileType = file.storyboard; name = Base; path = Base.lproj/Main.storyboard; sourceTree = "<group>"; };
		5AD4E1F41DF505500030C3B8 /* Assets.xcassets */ = {isa = PBXFileReference; lastKnownFileType = folder.assetcatalog; path = Assets.xcassets; sourceTree = "<group>"; };
		5AD4E1F71DF505500030C3B8 /* Base */ = {isa = PBXFileReference; lastKnownFileType = file.storyboard; name = Base; path = Base.lproj/LaunchScreen.storyboard; sourceTree = "<group>"; };
		5AD4E1F91DF505500030C3B8 /* Info.plist */ = {isa = PBXFileReference; lastKnownFileType = text.plist.xml; path = Info.plist; sourceTree = "<group>"; };
		5AD4E2051DF567CE0030C3B8 /* Tourist.swift */ = {isa = PBXFileReference; fileEncoding = 4; lastKnownFileType = sourcecode.swift; name = Tourist.swift; path = TouristTracking/Models/Tourist.swift; sourceTree = "<group>"; };
		5AD4E2071DF5684B0030C3B8 /* Location.swift */ = {isa = PBXFileReference; fileEncoding = 4; lastKnownFileType = sourcecode.swift; name = Location.swift; path = TouristTracking/Models/Location.swift; sourceTree = "<group>"; };
		5AD4E20F1DF5BE7C0030C3B8 /* ResponseData.swift */ = {isa = PBXFileReference; fileEncoding = 4; lastKnownFileType = sourcecode.swift; name = ResponseData.swift; path = TouristTracking/Models/ResponseData.swift; sourceTree = "<group>"; };
		5AD4E2111DF5BECC0030C3B8 /* LoginViewController.swift */ = {isa = PBXFileReference; fileEncoding = 4; lastKnownFileType = sourcecode.swift; name = LoginViewController.swift; path = TouristTracking/ViewControllers/LoginViewController.swift; sourceTree = "<group>"; };
		5AD4E2131DF5BEDA0030C3B8 /* Alert.swift */ = {isa = PBXFileReference; fileEncoding = 4; lastKnownFileType = sourcecode.swift; name = Alert.swift; path = TouristTracking/Helpers/Alert.swift; sourceTree = "<group>"; };
		5AD4E2151DF5BEE50030C3B8 /* NetworkClient.swift */ = {isa = PBXFileReference; fileEncoding = 4; lastKnownFileType = sourcecode.swift; name = NetworkClient.swift; path = TouristTracking/Services/NetworkClient.swift; sourceTree = "<group>"; };
		5AD4E2171DF5C18A0030C3B8 /* Constants.swift */ = {isa = PBXFileReference; fileEncoding = 4; lastKnownFileType = sourcecode.swift; name = Constants.swift; path = TouristTracking/Helpers/Constants.swift; sourceTree = "<group>"; };
		5AD4E2191DF5CC120030C3B8 /* Singleton.swift */ = {isa = PBXFileReference; fileEncoding = 4; lastKnownFileType = sourcecode.swift; name = Singleton.swift; path = TouristTracking/Helpers/Singleton.swift; sourceTree = "<group>"; };
		5AE286001E116D190078EDE3 /* WarningDetailViewController.swift */ = {isa = PBXFileReference; fileEncoding = 4; lastKnownFileType = sourcecode.swift; name = WarningDetailViewController.swift; path = TouristTracking/ViewControllers/WarningDetailViewController.swift; sourceTree = "<group>"; };
		9CE90BFCC3FD3A112E2DCA6B /* Pods-TouristTracking.release.xcconfig */ = {isa = PBXFileReference; includeInIndex = 1; lastKnownFileType = text.xcconfig; name = "Pods-TouristTracking.release.xcconfig"; path = "Pods/Target Support Files/Pods-TouristTracking/Pods-TouristTracking.release.xcconfig"; sourceTree = "<group>"; };
/* End PBXFileReference section */

/* Begin PBXFrameworksBuildPhase section */
		5AD4E1E71DF505500030C3B8 /* Frameworks */ = {
			isa = PBXFrameworksBuildPhase;
			buildActionMask = 2147483647;
			files = (
				A0F612AEE233D07268B13AFA /* Pods_TouristTracking.framework in Frameworks */,
			);
			runOnlyForDeploymentPostprocessing = 0;
		};
/* End PBXFrameworksBuildPhase section */

/* Begin PBXGroup section */
		5A1975501DF7C21F00D39E33 /* Resources */ = {
			isa = PBXGroup;
			children = (
				5A1975511DF7C2CC00D39E33 /* OpenSans-Bold.ttf */,
				5A1975521DF7C2CC00D39E33 /* OpenSans-Light.ttf */,
				5A1975531DF7C2CC00D39E33 /* OpenSans-Regular.ttf */,
			);
			name = Resources;
			sourceTree = "<group>";
		};
		5A4013951DFBB5CC001AD82D /* Controls */ = {
			isa = PBXGroup;
			children = (
				5A4013961DFBB610001AD82D /* ViewRoundCorner.swift */,
			);
			name = Controls;
			sourceTree = "<group>";
		};
		5AD4E1E11DF505500030C3B8 = {
			isa = PBXGroup;
			children = (
				5AD4E1EC1DF505500030C3B8 /* TouristTracking */,
				5AD4E1EB1DF505500030C3B8 /* Products */,
				73720CF3005E3B2B2C26B1E2 /* Pods */,
				E34AA755D13348439D478C95 /* Frameworks */,
			);
			sourceTree = "<group>";
		};
		5AD4E1EB1DF505500030C3B8 /* Products */ = {
			isa = PBXGroup;
			children = (
				5AD4E1EA1DF505500030C3B8 /* TouristTracking.app */,
			);
			name = Products;
			sourceTree = "<group>";
		};
		5AD4E1EC1DF505500030C3B8 /* TouristTracking */ = {
			isa = PBXGroup;
			children = (
				5A4013951DFBB5CC001AD82D /* Controls */,
				5A1975501DF7C21F00D39E33 /* Resources */,
				5AD4E2021DF5129E0030C3B8 /* UI */,
				5AD4E2011DF512970030C3B8 /* Models */,
				5AD4E2001DF512840030C3B8 /* Helpers */,
				5AD4E1FF1DF5125E0030C3B8 /*  Services */,
				5AD4E1ED1DF505500030C3B8 /* AppDelegate.swift */,
				5AD4E1F11DF505500030C3B8 /* Main.storyboard */,
				5AD4E1F41DF505500030C3B8 /* Assets.xcassets */,
				5AD4E1F61DF505500030C3B8 /* LaunchScreen.storyboard */,
				5AD4E1F91DF505500030C3B8 /* Info.plist */,
			);
			path = TouristTracking;
			sourceTree = "<group>";
		};
		5AD4E1FF1DF5125E0030C3B8 /*  Services */ = {
			isa = PBXGroup;
			children = (
				5AD4E2151DF5BEE50030C3B8 /* NetworkClient.swift */,
			);
			name = " Services";
			path = ..;
			sourceTree = "<group>";
		};
		5AD4E2001DF512840030C3B8 /* Helpers */ = {
			isa = PBXGroup;
			children = (
				5AD4E2131DF5BEDA0030C3B8 /* Alert.swift */,
				5AD4E2171DF5C18A0030C3B8 /* Constants.swift */,
				5AD4E2191DF5CC120030C3B8 /* Singleton.swift */,
				5A15DE661DF65874009CA1C8 /* Settings.swift */,
				5A15DE681DF658CA009CA1C8 /* Keys.swift */,
			);
			name = Helpers;
			path = ..;
			sourceTree = "<group>";
		};
		5AD4E2011DF512970030C3B8 /* Models */ = {
			isa = PBXGroup;
			children = (
				5AD4E2051DF567CE0030C3B8 /* Tourist.swift */,
				5AD4E2071DF5684B0030C3B8 /* Location.swift */,
				5AD4E20F1DF5BE7C0030C3B8 /* ResponseData.swift */,
				5A15DE6C1DF71C65009CA1C8 /* Tour.swift */,
				5A15DE6E1DF72104009CA1C8 /* Schedule.swift */,
				5A15DE701DF72153009CA1C8 /* ScheduleDay.swift */,
				5A4295D01DF902A600561463 /* Place.swift */,
				5A9E62C61E0ADA9A000C5876 /* Warning.swift */,
			);
			name = Models;
			path = ..;
			sourceTree = "<group>";
		};
		5AD4E2021DF5129E0030C3B8 /* UI */ = {
			isa = PBXGroup;
			children = (
				5AD4E2041DF512AD0030C3B8 /* Controllers */,
				5AD4E2031DF512A70030C3B8 /* Views */,
			);
			name = UI;
			path = ..;
			sourceTree = "<group>";
		};
		5AD4E2031DF512A70030C3B8 /* Views */ = {
			isa = PBXGroup;
			children = (
				5A19754C1DF7BC8A00D39E33 /* TourInfoCell.xib */,
				5A19754E1DF7C12400D39E33 /* TourInfoCell.swift */,
				5A1975571DF8097400D39E33 /* ScheduleCell.xib */,
				5A19755D1DF8160500D39E33 /* ScheduleCell.swift */,
				5A7316361E03E99800586D59 /* WarningPopup.xib */,
				5A7316381E03E9B200586D59 /* WarningPopup.swift */,
				5A8216C61E0547A3003BA0C2 /* InformPopup.xib */,
				5A8216C81E054880003BA0C2 /* InformPopup.swift */,
				5A7CD5371E10CD3200DA0E49 /* WarningCell.swift */,
			);
			name = Views;
			sourceTree = "<group>";
		};
		5AD4E2041DF512AD0030C3B8 /* Controllers */ = {
			isa = PBXGroup;
			children = (
				5AD4E2111DF5BECC0030C3B8 /* LoginViewController.swift */,
				5A15DE6A1DF6B151009CA1C8 /* TourInfoViewController.swift */,
				5A6CFCE51E0043EF001921C3 /* MapViewController.swift */,
				5AB0B0FB1E02A77B00DA5EE7 /* CustomTabBarController.swift */,
				5A7CD5351E10CD0300DA0E49 /* WarningViewController.swift */,
				5AE286001E116D190078EDE3 /* WarningDetailViewController.swift */,
			);
			name = Controllers;
			sourceTree = "<group>";
		};
		73720CF3005E3B2B2C26B1E2 /* Pods */ = {
			isa = PBXGroup;
			children = (
				46B76E3CBEC87A3CD75189F4 /* Pods-TouristTracking.debug.xcconfig */,
				9CE90BFCC3FD3A112E2DCA6B /* Pods-TouristTracking.release.xcconfig */,
			);
			name = Pods;
			sourceTree = "<group>";
		};
		E34AA755D13348439D478C95 /* Frameworks */ = {
			isa = PBXGroup;
			children = (
				2335815EBE1D5FCB28E05457 /* Pods_TouristTracking.framework */,
			);
			name = Frameworks;
			sourceTree = "<group>";
		};
/* End PBXGroup section */

/* Begin PBXNativeTarget section */
		5AD4E1E91DF505500030C3B8 /* TouristTracking */ = {
			isa = PBXNativeTarget;
			buildConfigurationList = 5AD4E1FC1DF505500030C3B8 /* Build configuration list for PBXNativeTarget "TouristTracking" */;
			buildPhases = (
				7472A5059CA2680AFDF8967D /* [CP] Check Pods Manifest.lock */,
				5AD4E1E61DF505500030C3B8 /* Sources */,
				5AD4E1E71DF505500030C3B8 /* Frameworks */,
				5AD4E1E81DF505500030C3B8 /* Resources */,
				BF933642D5151C5C49F9BCBB /* [CP] Embed Pods Frameworks */,
				860E400F78B769E5C9FE27A2 /* [CP] Copy Pods Resources */,
			);
			buildRules = (
			);
			dependencies = (
			);
			name = TouristTracking;
			productName = TouristTracking;
			productReference = 5AD4E1EA1DF505500030C3B8 /* TouristTracking.app */;
			productType = "com.apple.product-type.application";
		};
/* End PBXNativeTarget section */

/* Begin PBXProject section */
		5AD4E1E21DF505500030C3B8 /* Project object */ = {
			isa = PBXProject;
			attributes = {
				LastSwiftUpdateCheck = 0810;
				LastUpgradeCheck = 0810;
				ORGANIZATIONNAME = "Quoc Huy Ngo";
				TargetAttributes = {
					5AD4E1E91DF505500030C3B8 = {
						CreatedOnToolsVersion = 8.1;
						DevelopmentTeam = D5W7N2PEZ4;
						LastSwiftMigration = 0810;
						ProvisioningStyle = Automatic;
					};
				};
			};
			buildConfigurationList = 5AD4E1E51DF505500030C3B8 /* Build configuration list for PBXProject "TouristTracking" */;
			compatibilityVersion = "Xcode 3.2";
			developmentRegion = English;
			hasScannedForEncodings = 0;
			knownRegions = (
				en,
				Base,
			);
			mainGroup = 5AD4E1E11DF505500030C3B8;
			productRefGroup = 5AD4E1EB1DF505500030C3B8 /* Products */;
			projectDirPath = "";
			projectRoot = "";
			targets = (
				5AD4E1E91DF505500030C3B8 /* TouristTracking */,
			);
		};
/* End PBXProject section */

/* Begin PBXResourcesBuildPhase section */
		5AD4E1E81DF505500030C3B8 /* Resources */ = {
			isa = PBXResourcesBuildPhase;
			buildActionMask = 2147483647;
			files = (
				5A1975551DF7C2CC00D39E33 /* OpenSans-Light.ttf in Resources */,
				5AD4E1F81DF505500030C3B8 /* LaunchScreen.storyboard in Resources */,
				5A7316371E03E99800586D59 /* WarningPopup.xib in Resources */,
				5AD4E1F51DF505500030C3B8 /* Assets.xcassets in Resources */,
				5A1975561DF7C2CC00D39E33 /* OpenSans-Regular.ttf in Resources */,
				5AD4E1F31DF505500030C3B8 /* Main.storyboard in Resources */,
				5A1975541DF7C2CC00D39E33 /* OpenSans-Bold.ttf in Resources */,
				5A1975581DF8097400D39E33 /* ScheduleCell.xib in Resources */,
				5A8216C71E0547A3003BA0C2 /* InformPopup.xib in Resources */,
				5A19754D1DF7BC8A00D39E33 /* TourInfoCell.xib in Resources */,
			);
			runOnlyForDeploymentPostprocessing = 0;
		};
/* End PBXResourcesBuildPhase section */

/* Begin PBXShellScriptBuildPhase section */
		7472A5059CA2680AFDF8967D /* [CP] Check Pods Manifest.lock */ = {
			isa = PBXShellScriptBuildPhase;
			buildActionMask = 2147483647;
			files = (
			);
			inputPaths = (
			);
			name = "[CP] Check Pods Manifest.lock";
			outputPaths = (
			);
			runOnlyForDeploymentPostprocessing = 0;
			shellPath = /bin/sh;
			shellScript = "diff \"${PODS_ROOT}/../Podfile.lock\" \"${PODS_ROOT}/Manifest.lock\" > /dev/null\nif [[ $? != 0 ]] ; then\n    cat << EOM\nerror: The sandbox is not in sync with the Podfile.lock. Run 'pod install' or update your CocoaPods installation.\nEOM\n    exit 1\nfi\n";
			showEnvVarsInLog = 0;
		};
		860E400F78B769E5C9FE27A2 /* [CP] Copy Pods Resources */ = {
			isa = PBXShellScriptBuildPhase;
			buildActionMask = 2147483647;
			files = (
			);
			inputPaths = (
			);
			name = "[CP] Copy Pods Resources";
			outputPaths = (
			);
			runOnlyForDeploymentPostprocessing = 0;
			shellPath = /bin/sh;
			shellScript = "\"${SRCROOT}/Pods/Target Support Files/Pods-TouristTracking/Pods-TouristTracking-resources.sh\"\n";
			showEnvVarsInLog = 0;
		};
		BF933642D5151C5C49F9BCBB /* [CP] Embed Pods Frameworks */ = {
			isa = PBXShellScriptBuildPhase;
			buildActionMask = 2147483647;
			files = (
			);
			inputPaths = (
			);
			name = "[CP] Embed Pods Frameworks";
			outputPaths = (
			);
			runOnlyForDeploymentPostprocessing = 0;
			shellPath = /bin/sh;
			shellScript = "\"${SRCROOT}/Pods/Target Support Files/Pods-TouristTracking/Pods-TouristTracking-frameworks.sh\"\n";
			showEnvVarsInLog = 0;
		};
/* End PBXShellScriptBuildPhase section */

/* Begin PBXSourcesBuildPhase section */
		5AD4E1E61DF505500030C3B8 /* Sources */ = {
			isa = PBXSourcesBuildPhase;
			buildActionMask = 2147483647;
			files = (
				5A4295D11DF902A600561463 /* Place.swift in Sources */,
				5A7316391E03E9B200586D59 /* WarningPopup.swift in Sources */,
				5A15DE691DF658CA009CA1C8 /* Keys.swift in Sources */,
				5AE286011E116D190078EDE3 /* WarningDetailViewController.swift in Sources */,
				5A8216C91E054880003BA0C2 /* InformPopup.swift in Sources */,
				5AD4E1EE1DF505500030C3B8 /* AppDelegate.swift in Sources */,
				5A6CFCE61E0043EF001921C3 /* MapViewController.swift in Sources */,
				5A4013971DFBB610001AD82D /* ViewRoundCorner.swift in Sources */,
				5A15DE6F1DF72104009CA1C8 /* Schedule.swift in Sources */,
				5A19755E1DF8160500D39E33 /* ScheduleCell.swift in Sources */,
				5AD4E2081DF5684B0030C3B8 /* Location.swift in Sources */,
				5A19754F1DF7C12400D39E33 /* TourInfoCell.swift in Sources */,
				5AD4E21A1DF5CC120030C3B8 /* Singleton.swift in Sources */,
				5AD4E2121DF5BECC0030C3B8 /* LoginViewController.swift in Sources */,
				5AB0B0FC1E02A77B00DA5EE7 /* CustomTabBarController.swift in Sources */,
				5A9E62C71E0ADA9A000C5876 /* Warning.swift in Sources */,
				5A15DE711DF72153009CA1C8 /* ScheduleDay.swift in Sources */,
				5A7CD5381E10CD3200DA0E49 /* WarningCell.swift in Sources */,
				5AD4E2101DF5BE7C0030C3B8 /* ResponseData.swift in Sources */,
				5A15DE6D1DF71C65009CA1C8 /* Tour.swift in Sources */,
				5AD4E2141DF5BEDA0030C3B8 /* Alert.swift in Sources */,
				5A7CD5361E10CD0300DA0E49 /* WarningViewController.swift in Sources */,
				5A15DE6B1DF6B151009CA1C8 /* TourInfoViewController.swift in Sources */,
				5AD4E2061DF567CE0030C3B8 /* Tourist.swift in Sources */,
				5AD4E2181DF5C18A0030C3B8 /* Constants.swift in Sources */,
				5A15DE671DF65874009CA1C8 /* Settings.swift in Sources */,
				5AD4E2161DF5BEE50030C3B8 /* NetworkClient.swift in Sources */,
			);
			runOnlyForDeploymentPostprocessing = 0;
		};
/* End PBXSourcesBuildPhase section */

/* Begin PBXVariantGroup section */
		5AD4E1F11DF505500030C3B8 /* Main.storyboard */ = {
			isa = PBXVariantGroup;
			children = (
				5AD4E1F21DF505500030C3B8 /* Base */,
			);
			name = Main.storyboard;
			sourceTree = "<group>";
		};
		5AD4E1F61DF505500030C3B8 /* LaunchScreen.storyboard */ = {
			isa = PBXVariantGroup;
			children = (
				5AD4E1F71DF505500030C3B8 /* Base */,
			);
			name = LaunchScreen.storyboard;
			sourceTree = "<group>";
		};
/* End PBXVariantGroup section */

/* Begin XCBuildConfiguration section */
		5AD4E1FA1DF505500030C3B8 /* Debug */ = {
			isa = XCBuildConfiguration;
			buildSettings = {
				ALWAYS_SEARCH_USER_PATHS = NO;
				CLANG_ANALYZER_NONNULL = YES;
				CLANG_CXX_LANGUAGE_STANDARD = "gnu++0x";
				CLANG_CXX_LIBRARY = "libc++";
				CLANG_ENABLE_MODULES = YES;
				CLANG_ENABLE_OBJC_ARC = YES;
				CLANG_WARN_BOOL_CONVERSION = YES;
				CLANG_WARN_CONSTANT_CONVERSION = YES;
				CLANG_WARN_DIRECT_OBJC_ISA_USAGE = YES_ERROR;
				CLANG_WARN_DOCUMENTATION_COMMENTS = YES;
				CLANG_WARN_EMPTY_BODY = YES;
				CLANG_WARN_ENUM_CONVERSION = YES;
				CLANG_WARN_INFINITE_RECURSION = YES;
				CLANG_WARN_INT_CONVERSION = YES;
				CLANG_WARN_OBJC_ROOT_CLASS = YES_ERROR;
				CLANG_WARN_SUSPICIOUS_MOVES = YES;
				CLANG_WARN_UNREACHABLE_CODE = YES;
				CLANG_WARN__DUPLICATE_METHOD_MATCH = YES;
				"CODE_SIGN_IDENTITY[sdk=iphoneos*]" = "iPhone Developer";
				COPY_PHASE_STRIP = NO;
				DEBUG_INFORMATION_FORMAT = dwarf;
				ENABLE_STRICT_OBJC_MSGSEND = YES;
				ENABLE_TESTABILITY = YES;
				GCC_C_LANGUAGE_STANDARD = gnu99;
				GCC_DYNAMIC_NO_PIC = NO;
				GCC_NO_COMMON_BLOCKS = YES;
				GCC_OPTIMIZATION_LEVEL = 0;
				GCC_PREPROCESSOR_DEFINITIONS = (
					"DEBUG=1",
					"$(inherited)",
				);
				GCC_WARN_64_TO_32_BIT_CONVERSION = YES;
				GCC_WARN_ABOUT_RETURN_TYPE = YES_ERROR;
				GCC_WARN_UNDECLARED_SELECTOR = YES;
				GCC_WARN_UNINITIALIZED_AUTOS = YES_AGGRESSIVE;
				GCC_WARN_UNUSED_FUNCTION = YES;
				GCC_WARN_UNUSED_VARIABLE = YES;
				IPHONEOS_DEPLOYMENT_TARGET = 10.1;
				MTL_ENABLE_DEBUG_INFO = YES;
				ONLY_ACTIVE_ARCH = YES;
				SDKROOT = iphoneos;
				SWIFT_ACTIVE_COMPILATION_CONDITIONS = DEBUG;
				SWIFT_OPTIMIZATION_LEVEL = "-Onone";
			};
			name = Debug;
		};
		5AD4E1FB1DF505500030C3B8 /* Release */ = {
			isa = XCBuildConfiguration;
			buildSettings = {
				ALWAYS_SEARCH_USER_PATHS = NO;
				CLANG_ANALYZER_NONNULL = YES;
				CLANG_CXX_LANGUAGE_STANDARD = "gnu++0x";
				CLANG_CXX_LIBRARY = "libc++";
				CLANG_ENABLE_MODULES = YES;
				CLANG_ENABLE_OBJC_ARC = YES;
				CLANG_WARN_BOOL_CONVERSION = YES;
				CLANG_WARN_CONSTANT_CONVERSION = YES;
				CLANG_WARN_DIRECT_OBJC_ISA_USAGE = YES_ERROR;
				CLANG_WARN_DOCUMENTATION_COMMENTS = YES;
				CLANG_WARN_EMPTY_BODY = YES;
				CLANG_WARN_ENUM_CONVERSION = YES;
				CLANG_WARN_INFINITE_RECURSION = YES;
				CLANG_WARN_INT_CONVERSION = YES;
				CLANG_WARN_OBJC_ROOT_CLASS = YES_ERROR;
				CLANG_WARN_SUSPICIOUS_MOVES = YES;
				CLANG_WARN_UNREACHABLE_CODE = YES;
				CLANG_WARN__DUPLICATE_METHOD_MATCH = YES;
				"CODE_SIGN_IDENTITY[sdk=iphoneos*]" = "iPhone Developer";
				COPY_PHASE_STRIP = NO;
				DEBUG_INFORMATION_FORMAT = "dwarf-with-dsym";
				ENABLE_NS_ASSERTIONS = NO;
				ENABLE_STRICT_OBJC_MSGSEND = YES;
				GCC_C_LANGUAGE_STANDARD = gnu99;
				GCC_NO_COMMON_BLOCKS = YES;
				GCC_WARN_64_TO_32_BIT_CONVERSION = YES;
				GCC_WARN_ABOUT_RETURN_TYPE = YES_ERROR;
				GCC_WARN_UNDECLARED_SELECTOR = YES;
				GCC_WARN_UNINITIALIZED_AUTOS = YES_AGGRESSIVE;
				GCC_WARN_UNUSED_FUNCTION = YES;
				GCC_WARN_UNUSED_VARIABLE = YES;
				IPHONEOS_DEPLOYMENT_TARGET = 10.1;
				MTL_ENABLE_DEBUG_INFO = NO;
				SDKROOT = iphoneos;
				SWIFT_OPTIMIZATION_LEVEL = "-Owholemodule";
				VALIDATE_PRODUCT = YES;
			};
			name = Release;
		};
		5AD4E1FD1DF505500030C3B8 /* Debug */ = {
			isa = XCBuildConfiguration;
			baseConfigurationReference = 46B76E3CBEC87A3CD75189F4 /* Pods-TouristTracking.debug.xcconfig */;
			buildSettings = {
				ASSETCATALOG_COMPILER_APPICON_NAME = AppIcon;
				DEVELOPMENT_TEAM = D5W7N2PEZ4;
				INFOPLIST_FILE = TouristTracking/Info.plist;
				LD_RUNPATH_SEARCH_PATHS = "$(inherited) @executable_path/Frameworks";
				PRODUCT_BUNDLE_IDENTIFIER = com.touristracking;
				PRODUCT_NAME = "$(TARGET_NAME)";
				SWIFT_VERSION = 3.0;
			};
			name = Debug;
		};
		5AD4E1FE1DF505500030C3B8 /* Release */ = {
			isa = XCBuildConfiguration;
			baseConfigurationReference = 9CE90BFCC3FD3A112E2DCA6B /* Pods-TouristTracking.release.xcconfig */;
			buildSettings = {
				ASSETCATALOG_COMPILER_APPICON_NAME = AppIcon;
				DEVELOPMENT_TEAM = D5W7N2PEZ4;
				INFOPLIST_FILE = TouristTracking/Info.plist;
				LD_RUNPATH_SEARCH_PATHS = "$(inherited) @executable_path/Frameworks";
				PRODUCT_BUNDLE_IDENTIFIER = com.touristracking;
				PRODUCT_NAME = "$(TARGET_NAME)";
				SWIFT_VERSION = 3.0;
			};
			name = Release;
		};
/* End XCBuildConfiguration section */

/* Begin XCConfigurationList section */
		5AD4E1E51DF505500030C3B8 /* Build configuration list for PBXProject "TouristTracking" */ = {
			isa = XCConfigurationList;
			buildConfigurations = (
				5AD4E1FA1DF505500030C3B8 /* Debug */,
				5AD4E1FB1DF505500030C3B8 /* Release */,
			);
			defaultConfigurationIsVisible = 0;
			defaultConfigurationName = Release;
		};
		5AD4E1FC1DF505500030C3B8 /* Build configuration list for PBXNativeTarget "TouristTracking" */ = {
			isa = XCConfigurationList;
			buildConfigurations = (
				5AD4E1FD1DF505500030C3B8 /* Debug */,
				5AD4E1FE1DF505500030C3B8 /* Release */,
			);
			defaultConfigurationIsVisible = 0;
			defaultConfigurationName = Release;
		};
/* End XCConfigurationList section */
	};
	rootObject = 5AD4E1E21DF505500030C3B8 /* Project object */;
}
